{
  "nodes": {
    "nixpkgs": {
      "locked": {
        "lastModified": 1738435198,
        "narHash": "sha256-5+Hmo4nbqw8FrW85FlNm4IIrRnZ7bn0cmXlScNsNRLo=",
        "rev": "f6687779bf4c396250831aa5a32cbfeb85bb07a3",
        "revCount": 714033,
        "type": "tarball",
        "url": "https://api.flakehub.com/f/pinned/NixOS/nixpkgs/0.2411.714033%2Brev-f6687779bf4c396250831aa5a32cbfeb85bb07a3/0194c6cc-a4bf-71ae-bdbd-0fcdc51459ee/source.tar.gz"
      },
      "original": {
        "type": "tarball",
        "url": "https://flakehub.com/f/NixOS/nixpkgs/0.2411.%2A.tar.gz"
      }
    },
    "root": {
      "inputs": {
        "nixpkgs": "nixpkgs"
      }
    }
  },
  "root": "root",
  "version": 7
}
